// !$*UTF8*$!
{
	archiveVersion = 1;
	classes = {
	};
	objectVersion = 56;
	objects = {

/* Begin PBXBuildFile section */
		6F102CC02A5F193A00C9781A /* AppDelegate.swift in Sources */ = {isa = PBXBuildFile; fileRef = 6F102CBF2A5F193A00C9781A /* AppDelegate.swift */; };
		6F102CC22A5F193A00C9781A /* SceneDelegate.swift in Sources */ = {isa = PBXBuildFile; fileRef = 6F102CC12A5F193A00C9781A /* SceneDelegate.swift */; };
		6F102CCC2A5F193B00C9781A /* Assets.xcassets in Resources */ = {isa = PBXBuildFile; fileRef = 6F102CCB2A5F193B00C9781A /* Assets.xcassets */; };
		6F102CDA2A5F193B00C9781A /* VideoGamesAppTests.swift in Sources */ = {isa = PBXBuildFile; fileRef = 6F102CD92A5F193B00C9781A /* VideoGamesAppTests.swift */; };
		6F102CE42A5F193B00C9781A /* VideoGamesAppUITests.swift in Sources */ = {isa = PBXBuildFile; fileRef = 6F102CE32A5F193B00C9781A /* VideoGamesAppUITests.swift */; };
		6F102CE62A5F193B00C9781A /* VideoGamesAppUITestsLaunchTests.swift in Sources */ = {isa = PBXBuildFile; fileRef = 6F102CE52A5F193B00C9781A /* VideoGamesAppUITestsLaunchTests.swift */; };
		6F102CF52A5F196100C9781A /* CoreData.framework in Frameworks */ = {isa = PBXBuildFile; fileRef = 6F102CF42A5F196100C9781A /* CoreData.framework */; };
		6F102CFC2A5F1B3300C9781A /* DataDownloader in Frameworks */ = {isa = PBXBuildFile; productRef = 6F102CFB2A5F1B3300C9781A /* DataDownloader */; };
		6F102CFE2A5F1B3900C9781A /* GridLayout in Frameworks */ = {isa = PBXBuildFile; productRef = 6F102CFD2A5F1B3900C9781A /* GridLayout */; };
		6F102D082A5F4F3400C9781A /* HomeViewController.swift in Sources */ = {isa = PBXBuildFile; fileRef = 6F102D072A5F4F3400C9781A /* HomeViewController.swift */; };
		6F102D0A2A5F56B300C9781A /* LaunchScreen.storyboard in Resources */ = {isa = PBXBuildFile; fileRef = 6F102D092A5F56B300C9781A /* LaunchScreen.storyboard */; };
		6F102D0E2A60E8B500C9781A /* ApplicationConstants.swift in Sources */ = {isa = PBXBuildFile; fileRef = 6F102D0D2A60E8B500C9781A /* ApplicationConstants.swift */; };
		6F102D102A60E97400C9781A /* RAWG_API in Frameworks */ = {isa = PBXBuildFile; productRef = 6F102D0F2A60E97400C9781A /* RAWG_API */; };
		6F102D192A61686900C9781A /* ImageViewPager in Frameworks */ = {isa = PBXBuildFile; productRef = 6F102D182A61686900C9781A /* ImageViewPager */; };
		6F102D1D2A629EA400C9781A /* CoordinatorProtocol.swift in Sources */ = {isa = PBXBuildFile; fileRef = 6F102D1C2A629EA400C9781A /* CoordinatorProtocol.swift */; };
		6F102D1F2A629EB600C9781A /* MainCoordinator.swift in Sources */ = {isa = PBXBuildFile; fileRef = 6F102D1E2A629EB600C9781A /* MainCoordinator.swift */; };
		6F102D222A62A0EA00C9781A /* NetworkStatusObserver in Frameworks */ = {isa = PBXBuildFile; productRef = 6F102D212A62A0EA00C9781A /* NetworkStatusObserver */; };
		6F102D242A62A0F100C9781A /* NSLayoutConstraintExtensionPackage in Frameworks */ = {isa = PBXBuildFile; productRef = 6F102D232A62A0F100C9781A /* NSLayoutConstraintExtensionPackage */; };
		6F102D262A62A46000C9781A /* SplashViewController.swift in Sources */ = {isa = PBXBuildFile; fileRef = 6F102D252A62A46000C9781A /* SplashViewController.swift */; };
		6F102D282A62A4E900C9781A /* SplashViewModel.swift in Sources */ = {isa = PBXBuildFile; fileRef = 6F102D272A62A4E900C9781A /* SplashViewModel.swift */; };
		6F102D2A2A62C2C400C9781A /* MainViewController.swift in Sources */ = {isa = PBXBuildFile; fileRef = 6F102D292A62C2C400C9781A /* MainViewController.swift */; };
		6F102D2C2A62C50B00C9781A /* MainViewModel.swift in Sources */ = {isa = PBXBuildFile; fileRef = 6F102D2B2A62C50B00C9781A /* MainViewModel.swift */; };
		6F102D2E2A62C70100C9781A /* FavoritesViewController.swift in Sources */ = {isa = PBXBuildFile; fileRef = 6F102D2D2A62C70100C9781A /* FavoritesViewController.swift */; };
		6F102D302A62C70D00C9781A /* FavoritesViewModel.swift in Sources */ = {isa = PBXBuildFile; fileRef = 6F102D2F2A62C70D00C9781A /* FavoritesViewModel.swift */; };
		6F102D322A62C80100C9781A /* HomeViewModel.swift in Sources */ = {isa = PBXBuildFile; fileRef = 6F102D312A62C80100C9781A /* HomeViewModel.swift */; };
		6F66F54E2A6DC5ED005D1E18 /* CoreDataManager.swift in Sources */ = {isa = PBXBuildFile; fileRef = 6F66F54D2A6DC5ED005D1E18 /* CoreDataManager.swift */; };
		6F6D8FA72A6DCB2300E729B6 /* CORE_FavoriteGameModel.xcdatamodeld in Sources */ = {isa = PBXBuildFile; fileRef = 6F6D8FA52A6DCB2300E729B6 /* CORE_FavoriteGameModel.xcdatamodeld */; };
		6F6D8FA92A6DFFFE00E729B6 /* DetailViewModelConstants.swift in Sources */ = {isa = PBXBuildFile; fileRef = 6F6D8FA82A6DFFFE00E729B6 /* DetailViewModelConstants.swift */; };
		6F6D8FAB2A6E009300E729B6 /* DetailViewModelProtocol.swift in Sources */ = {isa = PBXBuildFile; fileRef = 6F6D8FAA2A6E009300E729B6 /* DetailViewModelProtocol.swift */; };
		6F6D8FAD2A6E00E400E729B6 /* HomeViewModelConstants.swift in Sources */ = {isa = PBXBuildFile; fileRef = 6F6D8FAC2A6E00E400E729B6 /* HomeViewModelConstants.swift */; };
		6F6D8FAF2A6E011B00E729B6 /* HomeViewModelProtocol.swift in Sources */ = {isa = PBXBuildFile; fileRef = 6F6D8FAE2A6E011B00E729B6 /* HomeViewModelProtocol.swift */; };
		6F6D8FB22A71097B00E729B6 /* HomeViewModelTests.swift in Sources */ = {isa = PBXBuildFile; fileRef = 6F6D8FB12A71097B00E729B6 /* HomeViewModelTests.swift */; };
		6F6D8FB62A710B0400E729B6 /* MockRAWG_GamesService.swift in Sources */ = {isa = PBXBuildFile; fileRef = 6F6D8FB52A710B0400E729B6 /* MockRAWG_GamesService.swift */; };
		6F6D8FB82A710BBB00E729B6 /* MockCoreDataManager.swift in Sources */ = {isa = PBXBuildFile; fileRef = 6F6D8FB72A710BBB00E729B6 /* MockCoreDataManager.swift */; };
		6F6D8FBC2A71115700E729B6 /* MockMainCoordinator.swift in Sources */ = {isa = PBXBuildFile; fileRef = 6F6D8FBB2A71115700E729B6 /* MockMainCoordinator.swift */; };
		6F6D8FBE2A71139100E729B6 /* MockGameDetails.json in Resources */ = {isa = PBXBuildFile; fileRef = 6F6D8FBD2A71139100E729B6 /* MockGameDetails.json */; };
		6F6D8FC02A71142C00E729B6 /* MockGamesList.json in Resources */ = {isa = PBXBuildFile; fileRef = 6F6D8FBF2A71142C00E729B6 /* MockGamesList.json */; };
		6F6D8FC22A715B8C00E729B6 /* Bundle+Extension.swift in Sources */ = {isa = PBXBuildFile; fileRef = 6F6D8FC12A715B8C00E729B6 /* Bundle+Extension.swift */; };
		6F6D8FC82A72175D00E729B6 /* NavigationBarAppearance.swift in Sources */ = {isa = PBXBuildFile; fileRef = 6F6D8FC72A72175D00E729B6 /* NavigationBarAppearance.swift */; };
		6F6D8FCB2A721DB600E729B6 /* ColoredNavigationController.swift in Sources */ = {isa = PBXBuildFile; fileRef = 6F6D8FCA2A721DB600E729B6 /* ColoredNavigationController.swift */; };
		6F6D8FCE2A7220F100E729B6 /* SegmentedPickerView in Frameworks */ = {isa = PBXBuildFile; productRef = 6F6D8FCD2A7220F100E729B6 /* SegmentedPickerView */; };
		6F6D8FD02A722BF300E729B6 /* String+Extension.swift in Sources */ = {isa = PBXBuildFile; fileRef = 6F6D8FCF2A722BF300E729B6 /* String+Extension.swift */; };
		6F6D8FD22A7243C400E729B6 /* UIImageView+Extension.swift in Sources */ = {isa = PBXBuildFile; fileRef = 6F6D8FD12A7243C400E729B6 /* UIImageView+Extension.swift */; };
		6F6D8FD42A7285D200E729B6 /* NotificationManager.swift in Sources */ = {isa = PBXBuildFile; fileRef = 6F6D8FD32A7285D200E729B6 /* NotificationManager.swift */; };
		6F7C4C8E2A62F65100241AE6 /* GamesListCell.swift in Sources */ = {isa = PBXBuildFile; fileRef = 6F7C4C8D2A62F65100241AE6 /* GamesListCell.swift */; };
		6F7C4C902A62F65C00241AE6 /* GamesListCellViewModel.swift in Sources */ = {isa = PBXBuildFile; fileRef = 6F7C4C8F2A62F65C00241AE6 /* GamesListCellViewModel.swift */; };
		6F7C4C942A62FF2F00241AE6 /* CollectionViewTableLayout.swift in Sources */ = {isa = PBXBuildFile; fileRef = 6F7C4C932A62FF2F00241AE6 /* CollectionViewTableLayout.swift */; };
		6F7C4C962A63007C00241AE6 /* UIEdgeInsets+Extension.swift in Sources */ = {isa = PBXBuildFile; fileRef = 6F7C4C952A63007C00241AE6 /* UIEdgeInsets+Extension.swift */; };
		6F7C4C982A630DA100241AE6 /* UIColor+Extension.swift in Sources */ = {isa = PBXBuildFile; fileRef = 6F7C4C972A630DA100241AE6 /* UIColor+Extension.swift */; };
		6F7C4C9A2A63277800241AE6 /* SystemImages.swift in Sources */ = {isa = PBXBuildFile; fileRef = 6F7C4C992A63277800241AE6 /* SystemImages.swift */; };
		6F7C4C9C2A63278100241AE6 /* ImageAssets.swift in Sources */ = {isa = PBXBuildFile; fileRef = 6F7C4C9B2A63278100241AE6 /* ImageAssets.swift */; };
		6F7C4C9E2A632ADD00241AE6 /* GamesListCellRatingModel.swift in Sources */ = {isa = PBXBuildFile; fileRef = 6F7C4C9D2A632ADD00241AE6 /* GamesListCellRatingModel.swift */; };
		6F7C4CA12A64893500241AE6 /* ImageViewPagerReusableView.swift in Sources */ = {isa = PBXBuildFile; fileRef = 6F7C4CA02A64893500241AE6 /* ImageViewPagerReusableView.swift */; };
		6F7C4CA32A6498B800241AE6 /* ImageViewPagerReusableViewModel.swift in Sources */ = {isa = PBXBuildFile; fileRef = 6F7C4CA22A6498B800241AE6 /* ImageViewPagerReusableViewModel.swift */; };
		6FE66CDF2A657BBF00A1C518 /* LoadingView in Frameworks */ = {isa = PBXBuildFile; productRef = 6FE66CDE2A657BBF00A1C518 /* LoadingView */; };
		6FE66CE52A65EEB100A1C518 /* TextStepperView in Frameworks */ = {isa = PBXBuildFile; productRef = 6FE66CE42A65EEB100A1C518 /* TextStepperView */; };
		6FE66CE82A6617A300A1C518 /* DetailViewController.swift in Sources */ = {isa = PBXBuildFile; fileRef = 6FE66CE72A6617A300A1C518 /* DetailViewController.swift */; };
		6FE66CEA2A6617AF00A1C518 /* DetailViewModel.swift in Sources */ = {isa = PBXBuildFile; fileRef = 6FE66CE92A6617AF00A1C518 /* DetailViewModel.swift */; };
/* End PBXBuildFile section */

/* Begin PBXContainerItemProxy section */
		6F102CD62A5F193B00C9781A /* PBXContainerItemProxy */ = {
			isa = PBXContainerItemProxy;
			containerPortal = 6F102CB42A5F193A00C9781A /* Project object */;
			proxyType = 1;
			remoteGlobalIDString = 6F102CBB2A5F193A00C9781A;
			remoteInfo = VideoGamesApp;
		};
		6F102CE02A5F193B00C9781A /* PBXContainerItemProxy */ = {
			isa = PBXContainerItemProxy;
			containerPortal = 6F102CB42A5F193A00C9781A /* Project object */;
			proxyType = 1;
			remoteGlobalIDString = 6F102CBB2A5F193A00C9781A;
			remoteInfo = VideoGamesApp;
		};
/* End PBXContainerItemProxy section */

/* Begin PBXFileReference section */
		6F102CBC2A5F193A00C9781A /* VideoGamesApp.app */ = {isa = PBXFileReference; explicitFileType = wrapper.application; includeInIndex = 0; path = VideoGamesApp.app; sourceTree = BUILT_PRODUCTS_DIR; };
		6F102CBF2A5F193A00C9781A /* AppDelegate.swift */ = {isa = PBXFileReference; lastKnownFileType = sourcecode.swift; path = AppDelegate.swift; sourceTree = "<group>"; };
		6F102CC12A5F193A00C9781A /* SceneDelegate.swift */ = {isa = PBXFileReference; lastKnownFileType = sourcecode.swift; path = SceneDelegate.swift; sourceTree = "<group>"; };
		6F102CCB2A5F193B00C9781A /* Assets.xcassets */ = {isa = PBXFileReference; lastKnownFileType = folder.assetcatalog; path = Assets.xcassets; sourceTree = "<group>"; };
		6F102CD02A5F193B00C9781A /* Info.plist */ = {isa = PBXFileReference; lastKnownFileType = text.plist.xml; path = Info.plist; sourceTree = "<group>"; };
		6F102CD52A5F193B00C9781A /* VideoGamesAppTests.xctest */ = {isa = PBXFileReference; explicitFileType = wrapper.cfbundle; includeInIndex = 0; path = VideoGamesAppTests.xctest; sourceTree = BUILT_PRODUCTS_DIR; };
		6F102CD92A5F193B00C9781A /* VideoGamesAppTests.swift */ = {isa = PBXFileReference; lastKnownFileType = sourcecode.swift; path = VideoGamesAppTests.swift; sourceTree = "<group>"; };
		6F102CDF2A5F193B00C9781A /* VideoGamesAppUITests.xctest */ = {isa = PBXFileReference; explicitFileType = wrapper.cfbundle; includeInIndex = 0; path = VideoGamesAppUITests.xctest; sourceTree = BUILT_PRODUCTS_DIR; };
		6F102CE32A5F193B00C9781A /* VideoGamesAppUITests.swift */ = {isa = PBXFileReference; lastKnownFileType = sourcecode.swift; path = VideoGamesAppUITests.swift; sourceTree = "<group>"; };
		6F102CE52A5F193B00C9781A /* VideoGamesAppUITestsLaunchTests.swift */ = {isa = PBXFileReference; lastKnownFileType = sourcecode.swift; path = VideoGamesAppUITestsLaunchTests.swift; sourceTree = "<group>"; };
		6F102CF42A5F196100C9781A /* CoreData.framework */ = {isa = PBXFileReference; lastKnownFileType = wrapper.framework; name = CoreData.framework; path = System/Library/Frameworks/CoreData.framework; sourceTree = SDKROOT; };
		6F102CF82A5F19C500C9781A /* GridLayout */ = {isa = PBXFileReference; lastKnownFileType = wrapper; name = GridLayout; path = ../../GridLayout; sourceTree = "<group>"; };
		6F102CFA2A5F1A9000C9781A /* DataDownloader */ = {isa = PBXFileReference; lastKnownFileType = wrapper; name = DataDownloader; path = ../../DataDownloader; sourceTree = "<group>"; };
		6F102D072A5F4F3400C9781A /* HomeViewController.swift */ = {isa = PBXFileReference; lastKnownFileType = sourcecode.swift; path = HomeViewController.swift; sourceTree = "<group>"; };
		6F102D092A5F56B300C9781A /* LaunchScreen.storyboard */ = {isa = PBXFileReference; lastKnownFileType = file.storyboard; path = LaunchScreen.storyboard; sourceTree = "<group>"; };
		6F102D0B2A60018700C9781A /* RAWG_API */ = {isa = PBXFileReference; lastKnownFileType = wrapper; name = RAWG_API; path = ../../RAWG_API; sourceTree = "<group>"; };
		6F102D0D2A60E8B500C9781A /* ApplicationConstants.swift */ = {isa = PBXFileReference; lastKnownFileType = sourcecode.swift; path = ApplicationConstants.swift; sourceTree = "<group>"; };
		6F102D152A6147F400C9781A /* ImageViewPager */ = {isa = PBXFileReference; lastKnownFileType = wrapper; name = ImageViewPager; path = ../../ImageViewPager; sourceTree = "<group>"; };
		6F102D172A614FE200C9781A /* NSLayoutConstraintExtensionPackage */ = {isa = PBXFileReference; lastKnownFileType = wrapper; name = NSLayoutConstraintExtensionPackage; path = ../../NSLayoutConstraintExtensionPackage; sourceTree = "<group>"; };
		6F102D1C2A629EA400C9781A /* CoordinatorProtocol.swift */ = {isa = PBXFileReference; lastKnownFileType = sourcecode.swift; path = CoordinatorProtocol.swift; sourceTree = "<group>"; };
		6F102D1E2A629EB600C9781A /* MainCoordinator.swift */ = {isa = PBXFileReference; lastKnownFileType = sourcecode.swift; path = MainCoordinator.swift; sourceTree = "<group>"; };
		6F102D202A62A0A900C9781A /* NetworkStatusObserver */ = {isa = PBXFileReference; lastKnownFileType = wrapper; name = NetworkStatusObserver; path = ../../NetworkStatusObserver; sourceTree = "<group>"; };
		6F102D252A62A46000C9781A /* SplashViewController.swift */ = {isa = PBXFileReference; lastKnownFileType = sourcecode.swift; path = SplashViewController.swift; sourceTree = "<group>"; };
		6F102D272A62A4E900C9781A /* SplashViewModel.swift */ = {isa = PBXFileReference; lastKnownFileType = sourcecode.swift; path = SplashViewModel.swift; sourceTree = "<group>"; };
		6F102D292A62C2C400C9781A /* MainViewController.swift */ = {isa = PBXFileReference; lastKnownFileType = sourcecode.swift; path = MainViewController.swift; sourceTree = "<group>"; };
		6F102D2B2A62C50B00C9781A /* MainViewModel.swift */ = {isa = PBXFileReference; lastKnownFileType = sourcecode.swift; path = MainViewModel.swift; sourceTree = "<group>"; };
		6F102D2D2A62C70100C9781A /* FavoritesViewController.swift */ = {isa = PBXFileReference; lastKnownFileType = sourcecode.swift; path = FavoritesViewController.swift; sourceTree = "<group>"; };
		6F102D2F2A62C70D00C9781A /* FavoritesViewModel.swift */ = {isa = PBXFileReference; lastKnownFileType = sourcecode.swift; path = FavoritesViewModel.swift; sourceTree = "<group>"; };
		6F102D312A62C80100C9781A /* HomeViewModel.swift */ = {isa = PBXFileReference; lastKnownFileType = sourcecode.swift; path = HomeViewModel.swift; sourceTree = "<group>"; };
		6F66F54D2A6DC5ED005D1E18 /* CoreDataManager.swift */ = {isa = PBXFileReference; lastKnownFileType = sourcecode.swift; path = CoreDataManager.swift; sourceTree = "<group>"; };
		6F6D8FA62A6DCB2300E729B6 /* CORE_FavoriteGameModel.xcdatamodel */ = {isa = PBXFileReference; lastKnownFileType = wrapper.xcdatamodel; path = CORE_FavoriteGameModel.xcdatamodel; sourceTree = "<group>"; };
		6F6D8FA82A6DFFFE00E729B6 /* DetailViewModelConstants.swift */ = {isa = PBXFileReference; lastKnownFileType = sourcecode.swift; path = DetailViewModelConstants.swift; sourceTree = "<group>"; };
		6F6D8FAA2A6E009300E729B6 /* DetailViewModelProtocol.swift */ = {isa = PBXFileReference; lastKnownFileType = sourcecode.swift; path = DetailViewModelProtocol.swift; sourceTree = "<group>"; };
		6F6D8FAC2A6E00E400E729B6 /* HomeViewModelConstants.swift */ = {isa = PBXFileReference; lastKnownFileType = sourcecode.swift; path = HomeViewModelConstants.swift; sourceTree = "<group>"; };
		6F6D8FAE2A6E011B00E729B6 /* HomeViewModelProtocol.swift */ = {isa = PBXFileReference; lastKnownFileType = sourcecode.swift; path = HomeViewModelProtocol.swift; sourceTree = "<group>"; };
		6F6D8FB12A71097B00E729B6 /* HomeViewModelTests.swift */ = {isa = PBXFileReference; lastKnownFileType = sourcecode.swift; path = HomeViewModelTests.swift; sourceTree = "<group>"; };
		6F6D8FB52A710B0400E729B6 /* MockRAWG_GamesService.swift */ = {isa = PBXFileReference; lastKnownFileType = sourcecode.swift; path = MockRAWG_GamesService.swift; sourceTree = "<group>"; };
		6F6D8FB72A710BBB00E729B6 /* MockCoreDataManager.swift */ = {isa = PBXFileReference; lastKnownFileType = sourcecode.swift; path = MockCoreDataManager.swift; sourceTree = "<group>"; };
		6F6D8FBB2A71115700E729B6 /* MockMainCoordinator.swift */ = {isa = PBXFileReference; lastKnownFileType = sourcecode.swift; path = MockMainCoordinator.swift; sourceTree = "<group>"; };
		6F6D8FBD2A71139100E729B6 /* MockGameDetails.json */ = {isa = PBXFileReference; fileEncoding = 4; lastKnownFileType = text.json; path = MockGameDetails.json; sourceTree = "<group>"; };
		6F6D8FBF2A71142C00E729B6 /* MockGamesList.json */ = {isa = PBXFileReference; fileEncoding = 4; lastKnownFileType = text.json; path = MockGamesList.json; sourceTree = "<group>"; };
		6F6D8FC12A715B8C00E729B6 /* Bundle+Extension.swift */ = {isa = PBXFileReference; lastKnownFileType = sourcecode.swift; path = "Bundle+Extension.swift"; sourceTree = "<group>"; };
		6F6D8FC72A72175D00E729B6 /* NavigationBarAppearance.swift */ = {isa = PBXFileReference; lastKnownFileType = sourcecode.swift; path = NavigationBarAppearance.swift; sourceTree = "<group>"; };
		6F6D8FCA2A721DB600E729B6 /* ColoredNavigationController.swift */ = {isa = PBXFileReference; lastKnownFileType = sourcecode.swift; path = ColoredNavigationController.swift; sourceTree = "<group>"; };
		6F6D8FCC2A7220DE00E729B6 /* SegmentedPickerView */ = {isa = PBXFileReference; lastKnownFileType = wrapper; name = SegmentedPickerView; path = ../../SegmentedPickerView; sourceTree = "<group>"; };
		6F6D8FCF2A722BF300E729B6 /* String+Extension.swift */ = {isa = PBXFileReference; lastKnownFileType = sourcecode.swift; path = "String+Extension.swift"; sourceTree = "<group>"; };
		6F6D8FD12A7243C400E729B6 /* UIImageView+Extension.swift */ = {isa = PBXFileReference; lastKnownFileType = sourcecode.swift; path = "UIImageView+Extension.swift"; sourceTree = "<group>"; };
		6F6D8FD32A7285D200E729B6 /* NotificationManager.swift */ = {isa = PBXFileReference; lastKnownFileType = sourcecode.swift; path = NotificationManager.swift; sourceTree = "<group>"; };
		6F7C4C8D2A62F65100241AE6 /* GamesListCell.swift */ = {isa = PBXFileReference; lastKnownFileType = sourcecode.swift; path = GamesListCell.swift; sourceTree = "<group>"; };
		6F7C4C8F2A62F65C00241AE6 /* GamesListCellViewModel.swift */ = {isa = PBXFileReference; lastKnownFileType = sourcecode.swift; path = GamesListCellViewModel.swift; sourceTree = "<group>"; };
		6F7C4C932A62FF2F00241AE6 /* CollectionViewTableLayout.swift */ = {isa = PBXFileReference; lastKnownFileType = sourcecode.swift; path = CollectionViewTableLayout.swift; sourceTree = "<group>"; };
		6F7C4C952A63007C00241AE6 /* UIEdgeInsets+Extension.swift */ = {isa = PBXFileReference; lastKnownFileType = sourcecode.swift; path = "UIEdgeInsets+Extension.swift"; sourceTree = "<group>"; };
		6F7C4C972A630DA100241AE6 /* UIColor+Extension.swift */ = {isa = PBXFileReference; lastKnownFileType = sourcecode.swift; path = "UIColor+Extension.swift"; sourceTree = "<group>"; };
		6F7C4C992A63277800241AE6 /* SystemImages.swift */ = {isa = PBXFileReference; lastKnownFileType = sourcecode.swift; path = SystemImages.swift; sourceTree = "<group>"; };
		6F7C4C9B2A63278100241AE6 /* ImageAssets.swift */ = {isa = PBXFileReference; lastKnownFileType = sourcecode.swift; path = ImageAssets.swift; sourceTree = "<group>"; };
		6F7C4C9D2A632ADD00241AE6 /* GamesListCellRatingModel.swift */ = {isa = PBXFileReference; lastKnownFileType = sourcecode.swift; path = GamesListCellRatingModel.swift; sourceTree = "<group>"; };
		6F7C4CA02A64893500241AE6 /* ImageViewPagerReusableView.swift */ = {isa = PBXFileReference; lastKnownFileType = sourcecode.swift; path = ImageViewPagerReusableView.swift; sourceTree = "<group>"; };
		6F7C4CA22A6498B800241AE6 /* ImageViewPagerReusableViewModel.swift */ = {isa = PBXFileReference; lastKnownFileType = sourcecode.swift; path = ImageViewPagerReusableViewModel.swift; sourceTree = "<group>"; };
		6FE66CDD2A657B3300A1C518 /* LoadingView */ = {isa = PBXFileReference; lastKnownFileType = wrapper; name = LoadingView; path = ../../LoadingView; sourceTree = "<group>"; };
		6FE66CE32A65DE0100A1C518 /* TextStepperView */ = {isa = PBXFileReference; lastKnownFileType = wrapper; name = TextStepperView; path = ../../TextStepperView; sourceTree = "<group>"; };
		6FE66CE72A6617A300A1C518 /* DetailViewController.swift */ = {isa = PBXFileReference; lastKnownFileType = sourcecode.swift; path = DetailViewController.swift; sourceTree = "<group>"; };
		6FE66CE92A6617AF00A1C518 /* DetailViewModel.swift */ = {isa = PBXFileReference; lastKnownFileType = sourcecode.swift; path = DetailViewModel.swift; sourceTree = "<group>"; };
/* End PBXFileReference section */

/* Begin PBXFrameworksBuildPhase section */
		6F102CB92A5F193A00C9781A /* Frameworks */ = {
			isa = PBXFrameworksBuildPhase;
			buildActionMask = 2147483647;
			files = (
				6F102D192A61686900C9781A /* ImageViewPager in Frameworks */,
				6F102D222A62A0EA00C9781A /* NetworkStatusObserver in Frameworks */,
				6FE66CE52A65EEB100A1C518 /* TextStepperView in Frameworks */,
				6F102CF52A5F196100C9781A /* CoreData.framework in Frameworks */,
				6F6D8FCE2A7220F100E729B6 /* SegmentedPickerView in Frameworks */,
				6F102CFE2A5F1B3900C9781A /* GridLayout in Frameworks */,
				6FE66CDF2A657BBF00A1C518 /* LoadingView in Frameworks */,
				6F102D102A60E97400C9781A /* RAWG_API in Frameworks */,
				6F102CFC2A5F1B3300C9781A /* DataDownloader in Frameworks */,
				6F102D242A62A0F100C9781A /* NSLayoutConstraintExtensionPackage in Frameworks */,
			);
			runOnlyForDeploymentPostprocessing = 0;
		};
		6F102CD22A5F193B00C9781A /* Frameworks */ = {
			isa = PBXFrameworksBuildPhase;
			buildActionMask = 2147483647;
			files = (
			);
			runOnlyForDeploymentPostprocessing = 0;
		};
		6F102CDC2A5F193B00C9781A /* Frameworks */ = {
			isa = PBXFrameworksBuildPhase;
			buildActionMask = 2147483647;
			files = (
			);
			runOnlyForDeploymentPostprocessing = 0;
		};
/* End PBXFrameworksBuildPhase section */

/* Begin PBXGroup section */
		6F102CB32A5F193A00C9781A = {
			isa = PBXGroup;
			children = (
				6F102CF72A5F19C500C9781A /* Packages */,
				6F102CBE2A5F193A00C9781A /* VideoGamesApp */,
				6F102CD82A5F193B00C9781A /* VideoGamesAppTests */,
				6F102CE22A5F193B00C9781A /* VideoGamesAppUITests */,
				6F102CBD2A5F193A00C9781A /* Products */,
				6F102CF32A5F196100C9781A /* Frameworks */,
			);
			sourceTree = "<group>";
		};
		6F102CBD2A5F193A00C9781A /* Products */ = {
			isa = PBXGroup;
			children = (
				6F102CBC2A5F193A00C9781A /* VideoGamesApp.app */,
				6F102CD52A5F193B00C9781A /* VideoGamesAppTests.xctest */,
				6F102CDF2A5F193B00C9781A /* VideoGamesAppUITests.xctest */,
			);
			name = Products;
			sourceTree = "<group>";
		};
		6F102CBE2A5F193A00C9781A /* VideoGamesApp */ = {
			isa = PBXGroup;
			children = (
				6F102CF22A5F194500C9781A /* Application */,
				6F102CFF2A5F1E9A00C9781A /* Extenstions */,
				6F66F54C2A6DC5DD005D1E18 /* Utilities */,
				6F102D002A5F1EA500C9781A /* Coordinators */,
				6F102D012A5F1EAE00C9781A /* Views */,
				6F66F5482A6DC30B005D1E18 /* Models */,
				6F102CD02A5F193B00C9781A /* Info.plist */,
			);
			path = VideoGamesApp;
			sourceTree = "<group>";
		};
		6F102CD82A5F193B00C9781A /* VideoGamesAppTests */ = {
			isa = PBXGroup;
			children = (
				6F6D8FBA2A71114400E729B6 /* MockCoordinators */,
				6F6D8FB42A7109C000E729B6 /* MockRAWG_GamesService */,
				6F6D8FB32A7109B600E729B6 /* MockCoreDataManager */,
				6F6D8FB92A7110A300E729B6 /* ViewModelTests */,
				6F102CD92A5F193B00C9781A /* VideoGamesAppTests.swift */,
			);
			path = VideoGamesAppTests;
			sourceTree = "<group>";
		};
		6F102CE22A5F193B00C9781A /* VideoGamesAppUITests */ = {
			isa = PBXGroup;
			children = (
				6F102CE32A5F193B00C9781A /* VideoGamesAppUITests.swift */,
				6F102CE52A5F193B00C9781A /* VideoGamesAppUITestsLaunchTests.swift */,
			);
			path = VideoGamesAppUITests;
			sourceTree = "<group>";
		};
		6F102CF22A5F194500C9781A /* Application */ = {
			isa = PBXGroup;
			children = (
				6F102D0C2A60E8A800C9781A /* Constants */,
				6F102CBF2A5F193A00C9781A /* AppDelegate.swift */,
				6F102CC12A5F193A00C9781A /* SceneDelegate.swift */,
				6F102D092A5F56B300C9781A /* LaunchScreen.storyboard */,
				6F102CCB2A5F193B00C9781A /* Assets.xcassets */,
			);
			path = Application;
			sourceTree = "<group>";
		};
		6F102CF32A5F196100C9781A /* Frameworks */ = {
			isa = PBXGroup;
			children = (
				6F102CF42A5F196100C9781A /* CoreData.framework */,
			);
			name = Frameworks;
			sourceTree = "<group>";
		};
		6F102CF72A5F19C500C9781A /* Packages */ = {
			isa = PBXGroup;
			children = (
				6FE66CE32A65DE0100A1C518 /* TextStepperView */,
				6FE66CDD2A657B3300A1C518 /* LoadingView */,
				6F102D172A614FE200C9781A /* NSLayoutConstraintExtensionPackage */,
				6F102CF82A5F19C500C9781A /* GridLayout */,
				6F102CFA2A5F1A9000C9781A /* DataDownloader */,
				6F102D0B2A60018700C9781A /* RAWG_API */,
				6F102D152A6147F400C9781A /* ImageViewPager */,
				6F102D202A62A0A900C9781A /* NetworkStatusObserver */,
				6F6D8FCC2A7220DE00E729B6 /* SegmentedPickerView */,
			);
			name = Packages;
			sourceTree = "<group>";
		};
		6F102CFF2A5F1E9A00C9781A /* Extenstions */ = {
			isa = PBXGroup;
			children = (
				6F7C4C952A63007C00241AE6 /* UIEdgeInsets+Extension.swift */,
				6F7C4C972A630DA100241AE6 /* UIColor+Extension.swift */,
				6F6D8FCF2A722BF300E729B6 /* String+Extension.swift */,
				6F6D8FD12A7243C400E729B6 /* UIImageView+Extension.swift */,
			);
			path = Extenstions;
			sourceTree = "<group>";
		};
		6F102D002A5F1EA500C9781A /* Coordinators */ = {
			isa = PBXGroup;
			children = (
				6F102D1C2A629EA400C9781A /* CoordinatorProtocol.swift */,
				6F102D1E2A629EB600C9781A /* MainCoordinator.swift */,
			);
			path = Coordinators;
			sourceTree = "<group>";
		};
		6F102D012A5F1EAE00C9781A /* Views */ = {
			isa = PBXGroup;
			children = (
				6F6D8FC92A721D9900E729B6 /* NavigationControllers */,
				6F7C4C8B2A62F4B200241AE6 /* Collection */,
				6F102D112A6124AD00C9781A /* Splash */,
				6F102D142A6124CE00C9781A /* Main */,
				6F102D062A5F4F2000C9781A /* Home */,
				6FE66CE62A66173500A1C518 /* Detail */,
				6F102D132A6124C200C9781A /* Favorites */,
			);
			path = Views;
			sourceTree = "<group>";
		};
		6F102D062A5F4F2000C9781A /* Home */ = {
			isa = PBXGroup;
			children = (
				6F102D072A5F4F3400C9781A /* HomeViewController.swift */,
				6F102D312A62C80100C9781A /* HomeViewModel.swift */,
				6F6D8FAC2A6E00E400E729B6 /* HomeViewModelConstants.swift */,
				6F6D8FAE2A6E011B00E729B6 /* HomeViewModelProtocol.swift */,
			);
			path = Home;
			sourceTree = "<group>";
		};
		6F102D0C2A60E8A800C9781A /* Constants */ = {
			isa = PBXGroup;
			children = (
				6F102D0D2A60E8B500C9781A /* ApplicationConstants.swift */,
				6F7C4C992A63277800241AE6 /* SystemImages.swift */,
				6F7C4C9B2A63278100241AE6 /* ImageAssets.swift */,
				6F6D8FC72A72175D00E729B6 /* NavigationBarAppearance.swift */,
			);
			path = Constants;
			sourceTree = "<group>";
		};
		6F102D112A6124AD00C9781A /* Splash */ = {
			isa = PBXGroup;
			children = (
				6F102D252A62A46000C9781A /* SplashViewController.swift */,
				6F102D272A62A4E900C9781A /* SplashViewModel.swift */,
			);
			path = Splash;
			sourceTree = "<group>";
		};
		6F102D132A6124C200C9781A /* Favorites */ = {
			isa = PBXGroup;
			children = (
				6F102D2D2A62C70100C9781A /* FavoritesViewController.swift */,
				6F102D2F2A62C70D00C9781A /* FavoritesViewModel.swift */,
			);
			path = Favorites;
			sourceTree = "<group>";
		};
		6F102D142A6124CE00C9781A /* Main */ = {
			isa = PBXGroup;
			children = (
				6F102D292A62C2C400C9781A /* MainViewController.swift */,
				6F102D2B2A62C50B00C9781A /* MainViewModel.swift */,
			);
			path = Main;
			sourceTree = "<group>";
		};
		6F66F5482A6DC30B005D1E18 /* Models */ = {
			isa = PBXGroup;
			children = (
				6F6D8FA52A6DCB2300E729B6 /* CORE_FavoriteGameModel.xcdatamodeld */,
			);
			path = Models;
			sourceTree = "<group>";
		};
		6F66F54C2A6DC5DD005D1E18 /* Utilities */ = {
			isa = PBXGroup;
			children = (
				6F66F54D2A6DC5ED005D1E18 /* CoreDataManager.swift */,
				6F6D8FD32A7285D200E729B6 /* NotificationManager.swift */,
			);
			path = Utilities;
			sourceTree = "<group>";
		};
		6F6D8FB32A7109B600E729B6 /* MockCoreDataManager */ = {
			isa = PBXGroup;
			children = (
				6F6D8FB72A710BBB00E729B6 /* MockCoreDataManager.swift */,
			);
			path = MockCoreDataManager;
			sourceTree = "<group>";
		};
		6F6D8FB42A7109C000E729B6 /* MockRAWG_GamesService */ = {
			isa = PBXGroup;
			children = (
				6F6D8FBF2A71142C00E729B6 /* MockGamesList.json */,
				6F6D8FBD2A71139100E729B6 /* MockGameDetails.json */,
				6F6D8FB52A710B0400E729B6 /* MockRAWG_GamesService.swift */,
				6F6D8FC12A715B8C00E729B6 /* Bundle+Extension.swift */,
			);
			path = MockRAWG_GamesService;
			sourceTree = "<group>";
		};
		6F6D8FB92A7110A300E729B6 /* ViewModelTests */ = {
			isa = PBXGroup;
			children = (
				6F6D8FB12A71097B00E729B6 /* HomeViewModelTests.swift */,
			);
			path = ViewModelTests;
			sourceTree = "<group>";
		};
		6F6D8FBA2A71114400E729B6 /* MockCoordinators */ = {
			isa = PBXGroup;
			children = (
				6F6D8FBB2A71115700E729B6 /* MockMainCoordinator.swift */,
			);
			path = MockCoordinators;
			sourceTree = "<group>";
		};
		6F6D8FC92A721D9900E729B6 /* NavigationControllers */ = {
			isa = PBXGroup;
			children = (
				6F6D8FCA2A721DB600E729B6 /* ColoredNavigationController.swift */,
			);
			path = NavigationControllers;
			sourceTree = "<group>";
		};
		6F7C4C8B2A62F4B200241AE6 /* Collection */ = {
			isa = PBXGroup;
			children = (
				6F7C4C922A62FF0C00241AE6 /* Cells */,
				6F7C4C9F2A64890300241AE6 /* ReusableViews */,
				6F7C4C912A62FF0000241AE6 /* Layouts */,
			);
			path = Collection;
			sourceTree = "<group>";
		};
		6F7C4C8C2A62F61C00241AE6 /* GamesListCell */ = {
			isa = PBXGroup;
			children = (
				6F7C4C8D2A62F65100241AE6 /* GamesListCell.swift */,
				6F7C4C8F2A62F65C00241AE6 /* GamesListCellViewModel.swift */,
				6F7C4C9D2A632ADD00241AE6 /* GamesListCellRatingModel.swift */,
			);
			path = GamesListCell;
			sourceTree = "<group>";
		};
		6F7C4C912A62FF0000241AE6 /* Layouts */ = {
			isa = PBXGroup;
			children = (
				6F7C4C932A62FF2F00241AE6 /* CollectionViewTableLayout.swift */,
			);
			path = Layouts;
			sourceTree = "<group>";
		};
		6F7C4C922A62FF0C00241AE6 /* Cells */ = {
			isa = PBXGroup;
			children = (
				6F7C4C8C2A62F61C00241AE6 /* GamesListCell */,
			);
			path = Cells;
			sourceTree = "<group>";
		};
		6F7C4C9F2A64890300241AE6 /* ReusableViews */ = {
			isa = PBXGroup;
			children = (
				6FE66CE22A659BBC00A1C518 /* ImageViewPagerReusableView */,
			);
			path = ReusableViews;
			sourceTree = "<group>";
		};
		6FE66CE22A659BBC00A1C518 /* ImageViewPagerReusableView */ = {
			isa = PBXGroup;
			children = (
				6F7C4CA02A64893500241AE6 /* ImageViewPagerReusableView.swift */,
				6F7C4CA22A6498B800241AE6 /* ImageViewPagerReusableViewModel.swift */,
			);
			path = ImageViewPagerReusableView;
			sourceTree = "<group>";
		};
		6FE66CE62A66173500A1C518 /* Detail */ = {
			isa = PBXGroup;
			children = (
				6FE66CE72A6617A300A1C518 /* DetailViewController.swift */,
				6FE66CE92A6617AF00A1C518 /* DetailViewModel.swift */,
				6F6D8FA82A6DFFFE00E729B6 /* DetailViewModelConstants.swift */,
				6F6D8FAA2A6E009300E729B6 /* DetailViewModelProtocol.swift */,
			);
			path = Detail;
			sourceTree = "<group>";
		};
/* End PBXGroup section */

/* Begin PBXNativeTarget section */
		6F102CBB2A5F193A00C9781A /* VideoGamesApp */ = {
			isa = PBXNativeTarget;
			buildConfigurationList = 6F102CE92A5F193B00C9781A /* Build configuration list for PBXNativeTarget "VideoGamesApp" */;
			buildPhases = (
				6F102CB82A5F193A00C9781A /* Sources */,
				6F102CB92A5F193A00C9781A /* Frameworks */,
				6F102CBA2A5F193A00C9781A /* Resources */,
			);
			buildRules = (
			);
			dependencies = (
			);
			name = VideoGamesApp;
			packageProductDependencies = (
				6F102CFB2A5F1B3300C9781A /* DataDownloader */,
				6F102CFD2A5F1B3900C9781A /* GridLayout */,
				6F102D0F2A60E97400C9781A /* RAWG_API */,
				6F102D182A61686900C9781A /* ImageViewPager */,
				6F102D212A62A0EA00C9781A /* NetworkStatusObserver */,
				6F102D232A62A0F100C9781A /* NSLayoutConstraintExtensionPackage */,
				6FE66CDE2A657BBF00A1C518 /* LoadingView */,
				6FE66CE42A65EEB100A1C518 /* TextStepperView */,
				6F6D8FCD2A7220F100E729B6 /* SegmentedPickerView */,
			);
			productName = VideoGamesApp;
			productReference = 6F102CBC2A5F193A00C9781A /* VideoGamesApp.app */;
			productType = "com.apple.product-type.application";
		};
		6F102CD42A5F193B00C9781A /* VideoGamesAppTests */ = {
			isa = PBXNativeTarget;
			buildConfigurationList = 6F102CEC2A5F193B00C9781A /* Build configuration list for PBXNativeTarget "VideoGamesAppTests" */;
			buildPhases = (
				6F102CD12A5F193B00C9781A /* Sources */,
				6F102CD22A5F193B00C9781A /* Frameworks */,
				6F102CD32A5F193B00C9781A /* Resources */,
			);
			buildRules = (
			);
			dependencies = (
				6F102CD72A5F193B00C9781A /* PBXTargetDependency */,
			);
			name = VideoGamesAppTests;
			productName = VideoGamesAppTests;
			productReference = 6F102CD52A5F193B00C9781A /* VideoGamesAppTests.xctest */;
			productType = "com.apple.product-type.bundle.unit-test";
		};
		6F102CDE2A5F193B00C9781A /* VideoGamesAppUITests */ = {
			isa = PBXNativeTarget;
			buildConfigurationList = 6F102CEF2A5F193B00C9781A /* Build configuration list for PBXNativeTarget "VideoGamesAppUITests" */;
			buildPhases = (
				6F102CDB2A5F193B00C9781A /* Sources */,
				6F102CDC2A5F193B00C9781A /* Frameworks */,
				6F102CDD2A5F193B00C9781A /* Resources */,
			);
			buildRules = (
			);
			dependencies = (
				6F102CE12A5F193B00C9781A /* PBXTargetDependency */,
			);
			name = VideoGamesAppUITests;
			productName = VideoGamesAppUITests;
			productReference = 6F102CDF2A5F193B00C9781A /* VideoGamesAppUITests.xctest */;
			productType = "com.apple.product-type.bundle.ui-testing";
		};
/* End PBXNativeTarget section */

/* Begin PBXProject section */
		6F102CB42A5F193A00C9781A /* Project object */ = {
			isa = PBXProject;
			attributes = {
				BuildIndependentTargetsInParallel = 1;
				LastSwiftUpdateCheck = 1430;
				LastUpgradeCheck = 1430;
				TargetAttributes = {
					6F102CBB2A5F193A00C9781A = {
						CreatedOnToolsVersion = 14.3;
					};
					6F102CD42A5F193B00C9781A = {
						CreatedOnToolsVersion = 14.3;
						TestTargetID = 6F102CBB2A5F193A00C9781A;
					};
					6F102CDE2A5F193B00C9781A = {
						CreatedOnToolsVersion = 14.3;
						TestTargetID = 6F102CBB2A5F193A00C9781A;
					};
				};
			};
			buildConfigurationList = 6F102CB72A5F193A00C9781A /* Build configuration list for PBXProject "VideoGamesApp" */;
			compatibilityVersion = "Xcode 14.0";
			developmentRegion = en;
			hasScannedForEncodings = 0;
			knownRegions = (
				en,
				Base,
			);
			mainGroup = 6F102CB32A5F193A00C9781A;
			productRefGroup = 6F102CBD2A5F193A00C9781A /* Products */;
			projectDirPath = "";
			projectRoot = "";
			targets = (
				6F102CBB2A5F193A00C9781A /* VideoGamesApp */,
				6F102CD42A5F193B00C9781A /* VideoGamesAppTests */,
				6F102CDE2A5F193B00C9781A /* VideoGamesAppUITests */,
			);
		};
/* End PBXProject section */

/* Begin PBXResourcesBuildPhase section */
		6F102CBA2A5F193A00C9781A /* Resources */ = {
			isa = PBXResourcesBuildPhase;
			buildActionMask = 2147483647;
			files = (
				6F102D0A2A5F56B300C9781A /* LaunchScreen.storyboard in Resources */,
				6F102CCC2A5F193B00C9781A /* Assets.xcassets in Resources */,
			);
			runOnlyForDeploymentPostprocessing = 0;
		};
		6F102CD32A5F193B00C9781A /* Resources */ = {
			isa = PBXResourcesBuildPhase;
			buildActionMask = 2147483647;
			files = (
				6F6D8FBE2A71139100E729B6 /* MockGameDetails.json in Resources */,
				6F6D8FC02A71142C00E729B6 /* MockGamesList.json in Resources */,
			);
			runOnlyForDeploymentPostprocessing = 0;
		};
		6F102CDD2A5F193B00C9781A /* Resources */ = {
			isa = PBXResourcesBuildPhase;
			buildActionMask = 2147483647;
			files = (
			);
			runOnlyForDeploymentPostprocessing = 0;
		};
/* End PBXResourcesBuildPhase section */

/* Begin PBXSourcesBuildPhase section */
		6F102CB82A5F193A00C9781A /* Sources */ = {
			isa = PBXSourcesBuildPhase;
			buildActionMask = 2147483647;
			files = (
				6F6D8FAF2A6E011B00E729B6 /* HomeViewModelProtocol.swift in Sources */,
				6F102D0E2A60E8B500C9781A /* ApplicationConstants.swift in Sources */,
				6F102D1F2A629EB600C9781A /* MainCoordinator.swift in Sources */,
				6F7C4C962A63007C00241AE6 /* UIEdgeInsets+Extension.swift in Sources */,
				6F7C4C982A630DA100241AE6 /* UIColor+Extension.swift in Sources */,
				6F102D082A5F4F3400C9781A /* HomeViewController.swift in Sources */,
				6F6D8FAD2A6E00E400E729B6 /* HomeViewModelConstants.swift in Sources */,
				6F102D1D2A629EA400C9781A /* CoordinatorProtocol.swift in Sources */,
				6F6D8FD02A722BF300E729B6 /* String+Extension.swift in Sources */,
				6F66F54E2A6DC5ED005D1E18 /* CoreDataManager.swift in Sources */,
				6F6D8FCB2A721DB600E729B6 /* ColoredNavigationController.swift in Sources */,
				6F102D282A62A4E900C9781A /* SplashViewModel.swift in Sources */,
				6F102D2C2A62C50B00C9781A /* MainViewModel.swift in Sources */,
				6F102D302A62C70D00C9781A /* FavoritesViewModel.swift in Sources */,
				6F7C4C902A62F65C00241AE6 /* GamesListCellViewModel.swift in Sources */,
				6F7C4C9C2A63278100241AE6 /* ImageAssets.swift in Sources */,
				6F102D2E2A62C70100C9781A /* FavoritesViewController.swift in Sources */,
				6F6D8FAB2A6E009300E729B6 /* DetailViewModelProtocol.swift in Sources */,
				6F102D322A62C80100C9781A /* HomeViewModel.swift in Sources */,
				6F6D8FC82A72175D00E729B6 /* NavigationBarAppearance.swift in Sources */,
				6FE66CEA2A6617AF00A1C518 /* DetailViewModel.swift in Sources */,
				6F7C4C9A2A63277800241AE6 /* SystemImages.swift in Sources */,
				6F7C4C8E2A62F65100241AE6 /* GamesListCell.swift in Sources */,
				6FE66CE82A6617A300A1C518 /* DetailViewController.swift in Sources */,
				6F102CC02A5F193A00C9781A /* AppDelegate.swift in Sources */,
				6F102D2A2A62C2C400C9781A /* MainViewController.swift in Sources */,
				6F7C4C942A62FF2F00241AE6 /* CollectionViewTableLayout.swift in Sources */,
				6F6D8FA92A6DFFFE00E729B6 /* DetailViewModelConstants.swift in Sources */,
				6F6D8FA72A6DCB2300E729B6 /* CORE_FavoriteGameModel.xcdatamodeld in Sources */,
				6F102D262A62A46000C9781A /* SplashViewController.swift in Sources */,
				6F6D8FD42A7285D200E729B6 /* NotificationManager.swift in Sources */,
				6F6D8FD22A7243C400E729B6 /* UIImageView+Extension.swift in Sources */,
				6F102CC22A5F193A00C9781A /* SceneDelegate.swift in Sources */,
				6F7C4CA12A64893500241AE6 /* ImageViewPagerReusableView.swift in Sources */,
				6F7C4C9E2A632ADD00241AE6 /* GamesListCellRatingModel.swift in Sources */,
				6F7C4CA32A6498B800241AE6 /* ImageViewPagerReusableViewModel.swift in Sources */,
			);
			runOnlyForDeploymentPostprocessing = 0;
		};
		6F102CD12A5F193B00C9781A /* Sources */ = {
			isa = PBXSourcesBuildPhase;
			buildActionMask = 2147483647;
			files = (
				6F6D8FB82A710BBB00E729B6 /* MockCoreDataManager.swift in Sources */,
				6F6D8FC22A715B8C00E729B6 /* Bundle+Extension.swift in Sources */,
				6F6D8FB62A710B0400E729B6 /* MockRAWG_GamesService.swift in Sources */,
				6F6D8FBC2A71115700E729B6 /* MockMainCoordinator.swift in Sources */,
				6F102CDA2A5F193B00C9781A /* VideoGamesAppTests.swift in Sources */,
				6F6D8FB22A71097B00E729B6 /* HomeViewModelTests.swift in Sources */,
			);
			runOnlyForDeploymentPostprocessing = 0;
		};
		6F102CDB2A5F193B00C9781A /* Sources */ = {
			isa = PBXSourcesBuildPhase;
			buildActionMask = 2147483647;
			files = (
				6F102CE62A5F193B00C9781A /* VideoGamesAppUITestsLaunchTests.swift in Sources */,
				6F102CE42A5F193B00C9781A /* VideoGamesAppUITests.swift in Sources */,
			);
			runOnlyForDeploymentPostprocessing = 0;
		};
/* End PBXSourcesBuildPhase section */

/* Begin PBXTargetDependency section */
		6F102CD72A5F193B00C9781A /* PBXTargetDependency */ = {
			isa = PBXTargetDependency;
			target = 6F102CBB2A5F193A00C9781A /* VideoGamesApp */;
			targetProxy = 6F102CD62A5F193B00C9781A /* PBXContainerItemProxy */;
		};
		6F102CE12A5F193B00C9781A /* PBXTargetDependency */ = {
			isa = PBXTargetDependency;
			target = 6F102CBB2A5F193A00C9781A /* VideoGamesApp */;
			targetProxy = 6F102CE02A5F193B00C9781A /* PBXContainerItemProxy */;
		};
/* End PBXTargetDependency section */

/* Begin XCBuildConfiguration section */
		6F102CE72A5F193B00C9781A /* Debug */ = {
			isa = XCBuildConfiguration;
			buildSettings = {
				ALWAYS_SEARCH_USER_PATHS = NO;
				CLANG_ANALYZER_NONNULL = YES;
				CLANG_ANALYZER_NUMBER_OBJECT_CONVERSION = YES_AGGRESSIVE;
				CLANG_CXX_LANGUAGE_STANDARD = "gnu++20";
				CLANG_ENABLE_MODULES = YES;
				CLANG_ENABLE_OBJC_ARC = YES;
				CLANG_ENABLE_OBJC_WEAK = YES;
				CLANG_WARN_BLOCK_CAPTURE_AUTORELEASING = YES;
				CLANG_WARN_BOOL_CONVERSION = YES;
				CLANG_WARN_COMMA = YES;
				CLANG_WARN_CONSTANT_CONVERSION = YES;
				CLANG_WARN_DEPRECATED_OBJC_IMPLEMENTATIONS = YES;
				CLANG_WARN_DIRECT_OBJC_ISA_USAGE = YES_ERROR;
				CLANG_WARN_DOCUMENTATION_COMMENTS = YES;
				CLANG_WARN_EMPTY_BODY = YES;
				CLANG_WARN_ENUM_CONVERSION = YES;
				CLANG_WARN_INFINITE_RECURSION = YES;
				CLANG_WARN_INT_CONVERSION = YES;
				CLANG_WARN_NON_LITERAL_NULL_CONVERSION = YES;
				CLANG_WARN_OBJC_IMPLICIT_RETAIN_SELF = YES;
				CLANG_WARN_OBJC_LITERAL_CONVERSION = YES;
				CLANG_WARN_OBJC_ROOT_CLASS = YES_ERROR;
				CLANG_WARN_QUOTED_INCLUDE_IN_FRAMEWORK_HEADER = YES;
				CLANG_WARN_RANGE_LOOP_ANALYSIS = YES;
				CLANG_WARN_STRICT_PROTOTYPES = YES;
				CLANG_WARN_SUSPICIOUS_MOVE = YES;
				CLANG_WARN_UNGUARDED_AVAILABILITY = YES_AGGRESSIVE;
				CLANG_WARN_UNREACHABLE_CODE = YES;
				CLANG_WARN__DUPLICATE_METHOD_MATCH = YES;
				COPY_PHASE_STRIP = NO;
				DEBUG_INFORMATION_FORMAT = dwarf;
				ENABLE_STRICT_OBJC_MSGSEND = YES;
				ENABLE_TESTABILITY = YES;
				GCC_C_LANGUAGE_STANDARD = gnu11;
				GCC_DYNAMIC_NO_PIC = NO;
				GCC_NO_COMMON_BLOCKS = YES;
				GCC_OPTIMIZATION_LEVEL = 0;
				GCC_PREPROCESSOR_DEFINITIONS = (
					"DEBUG=1",
					"$(inherited)",
				);
				GCC_WARN_64_TO_32_BIT_CONVERSION = YES;
				GCC_WARN_ABOUT_RETURN_TYPE = YES_ERROR;
				GCC_WARN_UNDECLARED_SELECTOR = YES;
				GCC_WARN_UNINITIALIZED_AUTOS = YES_AGGRESSIVE;
				GCC_WARN_UNUSED_FUNCTION = YES;
				GCC_WARN_UNUSED_VARIABLE = YES;
				IPHONEOS_DEPLOYMENT_TARGET = 16.4;
				MTL_ENABLE_DEBUG_INFO = INCLUDE_SOURCE;
				MTL_FAST_MATH = YES;
				ONLY_ACTIVE_ARCH = YES;
				SDKROOT = iphoneos;
				SWIFT_ACTIVE_COMPILATION_CONDITIONS = DEBUG;
				SWIFT_OPTIMIZATION_LEVEL = "-Onone";
			};
			name = Debug;
		};
		6F102CE82A5F193B00C9781A /* Release */ = {
			isa = XCBuildConfiguration;
			buildSettings = {
				ALWAYS_SEARCH_USER_PATHS = NO;
				CLANG_ANALYZER_NONNULL = YES;
				CLANG_ANALYZER_NUMBER_OBJECT_CONVERSION = YES_AGGRESSIVE;
				CLANG_CXX_LANGUAGE_STANDARD = "gnu++20";
				CLANG_ENABLE_MODULES = YES;
				CLANG_ENABLE_OBJC_ARC = YES;
				CLANG_ENABLE_OBJC_WEAK = YES;
				CLANG_WARN_BLOCK_CAPTURE_AUTORELEASING = YES;
				CLANG_WARN_BOOL_CONVERSION = YES;
				CLANG_WARN_COMMA = YES;
				CLANG_WARN_CONSTANT_CONVERSION = YES;
				CLANG_WARN_DEPRECATED_OBJC_IMPLEMENTATIONS = YES;
				CLANG_WARN_DIRECT_OBJC_ISA_USAGE = YES_ERROR;
				CLANG_WARN_DOCUMENTATION_COMMENTS = YES;
				CLANG_WARN_EMPTY_BODY = YES;
				CLANG_WARN_ENUM_CONVERSION = YES;
				CLANG_WARN_INFINITE_RECURSION = YES;
				CLANG_WARN_INT_CONVERSION = YES;
				CLANG_WARN_NON_LITERAL_NULL_CONVERSION = YES;
				CLANG_WARN_OBJC_IMPLICIT_RETAIN_SELF = YES;
				CLANG_WARN_OBJC_LITERAL_CONVERSION = YES;
				CLANG_WARN_OBJC_ROOT_CLASS = YES_ERROR;
				CLANG_WARN_QUOTED_INCLUDE_IN_FRAMEWORK_HEADER = YES;
				CLANG_WARN_RANGE_LOOP_ANALYSIS = YES;
				CLANG_WARN_STRICT_PROTOTYPES = YES;
				CLANG_WARN_SUSPICIOUS_MOVE = YES;
				CLANG_WARN_UNGUARDED_AVAILABILITY = YES_AGGRESSIVE;
				CLANG_WARN_UNREACHABLE_CODE = YES;
				CLANG_WARN__DUPLICATE_METHOD_MATCH = YES;
				COPY_PHASE_STRIP = NO;
				DEBUG_INFORMATION_FORMAT = "dwarf-with-dsym";
				ENABLE_NS_ASSERTIONS = NO;
				ENABLE_STRICT_OBJC_MSGSEND = YES;
				GCC_C_LANGUAGE_STANDARD = gnu11;
				GCC_NO_COMMON_BLOCKS = YES;
				GCC_WARN_64_TO_32_BIT_CONVERSION = YES;
				GCC_WARN_ABOUT_RETURN_TYPE = YES_ERROR;
				GCC_WARN_UNDECLARED_SELECTOR = YES;
				GCC_WARN_UNINITIALIZED_AUTOS = YES_AGGRESSIVE;
				GCC_WARN_UNUSED_FUNCTION = YES;
				GCC_WARN_UNUSED_VARIABLE = YES;
				IPHONEOS_DEPLOYMENT_TARGET = 16.4;
				MTL_ENABLE_DEBUG_INFO = NO;
				MTL_FAST_MATH = YES;
				SDKROOT = iphoneos;
				SWIFT_COMPILATION_MODE = wholemodule;
				SWIFT_OPTIMIZATION_LEVEL = "-O";
				VALIDATE_PRODUCT = YES;
			};
			name = Release;
		};
		6F102CEA2A5F193B00C9781A /* Debug */ = {
			isa = XCBuildConfiguration;
			buildSettings = {
				ASSETCATALOG_COMPILER_APPICON_NAME = AppIcon;
				ASSETCATALOG_COMPILER_GLOBAL_ACCENT_COLOR_NAME = AccentColor;
				CODE_SIGN_STYLE = Automatic;
				CURRENT_PROJECT_VERSION = 1;
				GENERATE_INFOPLIST_FILE = YES;
				INFOPLIST_FILE = VideoGamesApp/Info.plist;
				INFOPLIST_KEY_UIApplicationSupportsIndirectInputEvents = YES;
				INFOPLIST_KEY_UILaunchStoryboardName = LaunchScreen;
				INFOPLIST_KEY_UISupportedInterfaceOrientations_iPad = "UIInterfaceOrientationPortrait UIInterfaceOrientationPortraitUpsideDown UIInterfaceOrientationLandscapeLeft UIInterfaceOrientationLandscapeRight";
				INFOPLIST_KEY_UISupportedInterfaceOrientations_iPhone = "UIInterfaceOrientationPortrait UIInterfaceOrientationLandscapeLeft UIInterfaceOrientationLandscapeRight";
				IPHONEOS_DEPLOYMENT_TARGET = 13.0;
				LD_RUNPATH_SEARCH_PATHS = (
					"$(inherited)",
					"@executable_path/Frameworks",
				);
				MARKETING_VERSION = 1.0;
				PRODUCT_BUNDLE_IDENTIFIER = com.mtk.VideoGamesApp;
				PRODUCT_NAME = "$(TARGET_NAME)";
				SWIFT_EMIT_LOC_STRINGS = YES;
				SWIFT_VERSION = 5.0;
				TARGETED_DEVICE_FAMILY = "1,2";
			};
			name = Debug;
		};
		6F102CEB2A5F193B00C9781A /* Release */ = {
			isa = XCBuildConfiguration;
			buildSettings = {
				ASSETCATALOG_COMPILER_APPICON_NAME = AppIcon;
				ASSETCATALOG_COMPILER_GLOBAL_ACCENT_COLOR_NAME = AccentColor;
				CODE_SIGN_STYLE = Automatic;
				CURRENT_PROJECT_VERSION = 1;
				GENERATE_INFOPLIST_FILE = YES;
				INFOPLIST_FILE = VideoGamesApp/Info.plist;
				INFOPLIST_KEY_UIApplicationSupportsIndirectInputEvents = YES;
				INFOPLIST_KEY_UILaunchStoryboardName = LaunchScreen;
				INFOPLIST_KEY_UISupportedInterfaceOrientations_iPad = "UIInterfaceOrientationPortrait UIInterfaceOrientationPortraitUpsideDown UIInterfaceOrientationLandscapeLeft UIInterfaceOrientationLandscapeRight";
				INFOPLIST_KEY_UISupportedInterfaceOrientations_iPhone = "UIInterfaceOrientationPortrait UIInterfaceOrientationLandscapeLeft UIInterfaceOrientationLandscapeRight";
				IPHONEOS_DEPLOYMENT_TARGET = 13.0;
				LD_RUNPATH_SEARCH_PATHS = (
					"$(inherited)",
					"@executable_path/Frameworks",
				);
				MARKETING_VERSION = 1.0;
				PRODUCT_BUNDLE_IDENTIFIER = com.mtk.VideoGamesApp;
				PRODUCT_NAME = "$(TARGET_NAME)";
				SWIFT_EMIT_LOC_STRINGS = YES;
				SWIFT_VERSION = 5.0;
				TARGETED_DEVICE_FAMILY = "1,2";
			};
			name = Release;
		};
		6F102CED2A5F193B00C9781A /* Debug */ = {
			isa = XCBuildConfiguration;
			buildSettings = {
				ALWAYS_EMBED_SWIFT_STANDARD_LIBRARIES = YES;
				BUNDLE_LOADER = "$(TEST_HOST)";
				CODE_SIGN_STYLE = Automatic;
				CURRENT_PROJECT_VERSION = 1;
				GENERATE_INFOPLIST_FILE = YES;
				IPHONEOS_DEPLOYMENT_TARGET = 16.4;
				MARKETING_VERSION = 1.0;
				PRODUCT_BUNDLE_IDENTIFIER = com.mtk.VideoGamesAppTests;
				PRODUCT_NAME = "$(TARGET_NAME)";
				SWIFT_EMIT_LOC_STRINGS = NO;
				SWIFT_VERSION = 5.0;
				TARGETED_DEVICE_FAMILY = "1,2";
				TEST_HOST = "$(BUILT_PRODUCTS_DIR)/VideoGamesApp.app/$(BUNDLE_EXECUTABLE_FOLDER_PATH)/VideoGamesApp";
			};
			name = Debug;
		};
		6F102CEE2A5F193B00C9781A /* Release */ = {
			isa = XCBuildConfiguration;
			buildSettings = {
				ALWAYS_EMBED_SWIFT_STANDARD_LIBRARIES = YES;
				BUNDLE_LOADER = "$(TEST_HOST)";
				CODE_SIGN_STYLE = Automatic;
				CURRENT_PROJECT_VERSION = 1;
				GENERATE_INFOPLIST_FILE = YES;
				IPHONEOS_DEPLOYMENT_TARGET = 16.4;
				MARKETING_VERSION = 1.0;
				PRODUCT_BUNDLE_IDENTIFIER = com.mtk.VideoGamesAppTests;
				PRODUCT_NAME = "$(TARGET_NAME)";
				SWIFT_EMIT_LOC_STRINGS = NO;
				SWIFT_VERSION = 5.0;
				TARGETED_DEVICE_FAMILY = "1,2";
				TEST_HOST = "$(BUILT_PRODUCTS_DIR)/VideoGamesApp.app/$(BUNDLE_EXECUTABLE_FOLDER_PATH)/VideoGamesApp";
			};
			name = Release;
		};
		6F102CF02A5F193B00C9781A /* Debug */ = {
			isa = XCBuildConfiguration;
			buildSettings = {
				ALWAYS_EMBED_SWIFT_STANDARD_LIBRARIES = YES;
				CODE_SIGN_STYLE = Automatic;
				CURRENT_PROJECT_VERSION = 1;
				GENERATE_INFOPLIST_FILE = YES;
				MARKETING_VERSION = 1.0;
				PRODUCT_BUNDLE_IDENTIFIER = com.mtk.VideoGamesAppUITests;
				PRODUCT_NAME = "$(TARGET_NAME)";
				SWIFT_EMIT_LOC_STRINGS = NO;
				SWIFT_VERSION = 5.0;
				TARGETED_DEVICE_FAMILY = "1,2";
				TEST_TARGET_NAME = VideoGamesApp;
			};
			name = Debug;
		};
		6F102CF12A5F193B00C9781A /* Release */ = {
			isa = XCBuildConfiguration;
			buildSettings = {
				ALWAYS_EMBED_SWIFT_STANDARD_LIBRARIES = YES;
				CODE_SIGN_STYLE = Automatic;
				CURRENT_PROJECT_VERSION = 1;
				GENERATE_INFOPLIST_FILE = YES;
				MARKETING_VERSION = 1.0;
				PRODUCT_BUNDLE_IDENTIFIER = com.mtk.VideoGamesAppUITests;
				PRODUCT_NAME = "$(TARGET_NAME)";
				SWIFT_EMIT_LOC_STRINGS = NO;
				SWIFT_VERSION = 5.0;
				TARGETED_DEVICE_FAMILY = "1,2";
				TEST_TARGET_NAME = VideoGamesApp;
			};
			name = Release;
		};
/* End XCBuildConfiguration section */

/* Begin XCConfigurationList section */
		6F102CB72A5F193A00C9781A /* Build configuration list for PBXProject "VideoGamesApp" */ = {
			isa = XCConfigurationList;
			buildConfigurations = (
				6F102CE72A5F193B00C9781A /* Debug */,
				6F102CE82A5F193B00C9781A /* Release */,
			);
			defaultConfigurationIsVisible = 0;
			defaultConfigurationName = Release;
		};
		6F102CE92A5F193B00C9781A /* Build configuration list for PBXNativeTarget "VideoGamesApp" */ = {
			isa = XCConfigurationList;
			buildConfigurations = (
				6F102CEA2A5F193B00C9781A /* Debug */,
				6F102CEB2A5F193B00C9781A /* Release */,
			);
			defaultConfigurationIsVisible = 0;
			defaultConfigurationName = Release;
		};
		6F102CEC2A5F193B00C9781A /* Build configuration list for PBXNativeTarget "VideoGamesAppTests" */ = {
			isa = XCConfigurationList;
			buildConfigurations = (
				6F102CED2A5F193B00C9781A /* Debug */,
				6F102CEE2A5F193B00C9781A /* Release */,
			);
			defaultConfigurationIsVisible = 0;
			defaultConfigurationName = Release;
		};
		6F102CEF2A5F193B00C9781A /* Build configuration list for PBXNativeTarget "VideoGamesAppUITests" */ = {
			isa = XCConfigurationList;
			buildConfigurations = (
				6F102CF02A5F193B00C9781A /* Debug */,
				6F102CF12A5F193B00C9781A /* Release */,
			);
			defaultConfigurationIsVisible = 0;
			defaultConfigurationName = Release;
		};
/* End XCConfigurationList section */

/* Begin XCSwiftPackageProductDependency section */
		6F102CFB2A5F1B3300C9781A /* DataDownloader */ = {
			isa = XCSwiftPackageProductDependency;
			productName = DataDownloader;
		};
		6F102CFD2A5F1B3900C9781A /* GridLayout */ = {
			isa = XCSwiftPackageProductDependency;
			productName = GridLayout;
		};
		6F102D0F2A60E97400C9781A /* RAWG_API */ = {
			isa = XCSwiftPackageProductDependency;
			productName = RAWG_API;
		};
		6F102D182A61686900C9781A /* ImageViewPager */ = {
			isa = XCSwiftPackageProductDependency;
			productName = ImageViewPager;
		};
		6F102D212A62A0EA00C9781A /* NetworkStatusObserver */ = {
			isa = XCSwiftPackageProductDependency;
			productName = NetworkStatusObserver;
		};
		6F102D232A62A0F100C9781A /* NSLayoutConstraintExtensionPackage */ = {
			isa = XCSwiftPackageProductDependency;
			productName = NSLayoutConstraintExtensionPackage;
		};
		6F6D8FCD2A7220F100E729B6 /* SegmentedPickerView */ = {
			isa = XCSwiftPackageProductDependency;
			productName = SegmentedPickerView;
		};
		6FE66CDE2A657BBF00A1C518 /* LoadingView */ = {
			isa = XCSwiftPackageProductDependency;
			productName = LoadingView;
		};
		6FE66CE42A65EEB100A1C518 /* TextStepperView */ = {
			isa = XCSwiftPackageProductDependency;
			productName = TextStepperView;
		};
/* End XCSwiftPackageProductDependency section */

/* Begin XCVersionGroup section */
		6F6D8FA52A6DCB2300E729B6 /* CORE_FavoriteGameModel.xcdatamodeld */ = {
			isa = XCVersionGroup;
			children = (
				6F6D8FA62A6DCB2300E729B6 /* CORE_FavoriteGameModel.xcdatamodel */,
			);
			currentVersion = 6F6D8FA62A6DCB2300E729B6 /* CORE_FavoriteGameModel.xcdatamodel */;
			path = CORE_FavoriteGameModel.xcdatamodeld;
			sourceTree = "<group>";
			versionGroupType = wrapper.xcdatamodel;
		};
/* End XCVersionGroup section */
	};
	rootObject = 6F102CB42A5F193A00C9781A /* Project object */;
}
